
Microsoft Visual Studio Solution File, Format Version 12.00
# Visual Studio 15
VisualStudioVersion = 15.0.26430.16
MinimumVisualStudioVersion = 10.0.40219.1
Project("{FAE04EC0-301F-11D3-BF4B-00C04F79EFBC}") = "IzumiSagiri", "IzumiSagiri\IzumiSagiri.csproj", "{ABD5B0EC-1194-4669-95E5-06CEE5162D09}"
EndProject
Project("{FAE04EC0-301F-11D3-BF4B-00C04F79EFBC}") = "IzumiSagiri.Tests", "IzumiSagiri.Tests\IzumiSagiri.Tests.csproj", "{50B73661-E284-47D7-BF52-20E74074F28A}"
EndProject
Project("{FAE04EC0-301F-11D3-BF4B-00C04F79EFBC}") = "IzumiSagiris.Interface", "IzumiSagiris.Interface\IzumiSagiris.Interface.csproj", "{9935D3C3-BEDD-41E2-9574-2381C32850A7}"
EndProject
Project("{FAE04EC0-301F-11D3-BF4B-00C04F79EFBC}") = "IzumiSagiris.Service", "IzumiSagiris.Service\IzumiSagiris.Service.csproj", "{F93E2B1F-940C-4451-AC4A-8F76E1A4384D}"
EndProject
Global
	GlobalSection(SolutionConfigurationPlatforms) = preSolution
		Debug|Any CPU = Debug|Any CPU
		Release|Any CPU = Release|Any CPU
	EndGlobalSection
	GlobalSection(ProjectConfigurationPlatforms) = postSolution
		{ABD5B0EC-1194-4669-95E5-06CEE5162D09}.Debug|Any CPU.ActiveCfg = Debug|Any CPU
		{ABD5B0EC-1194-4669-95E5-06CEE5162D09}.Debug|Any CPU.Build.0 = Debug|Any CPU
		{ABD5B0EC-1194-4669-95E5-06CEE5162D09}.Release|Any CPU.ActiveCfg = Release|Any CPU
		{ABD5B0EC-1194-4669-95E5-06CEE5162D09}.Release|Any CPU.Build.0 = Release|Any CPU
		{50B73661-E284-47D7-BF52-20E74074F28A}.Debug|Any CPU.ActiveCfg = Debug|Any CPU
		{50B73661-E284-47D7-BF52-20E74074F28A}.Debug|Any CPU.Build.0 = Debug|Any CPU
		{50B73661-E284-47D7-BF52-20E74074F28A}.Release|Any CPU.ActiveCfg = Release|Any CPU
		{50B73661-E284-47D7-BF52-20E74074F28A}.Release|Any CPU.Build.0 = Release|Any CPU
		{9935D3C3-BEDD-41E2-9574-2381C32850A7}.Debug|Any CPU.ActiveCfg = Debug|Any CPU
		{9935D3C3-BEDD-41E2-9574-2381C32850A7}.Debug|Any CPU.Build.0 = Debug|Any CPU
		{9935D3C3-BEDD-41E2-9574-2381C32850A7}.Release|Any CPU.ActiveCfg = Release|Any CPU
		{9935D3C3-BEDD-41E2-9574-2381C32850A7}.Release|Any CPU.Build.0 = Release|Any CPU
		{F93E2B1F-940C-4451-AC4A-8F76E1A4384D}.Debug|Any CPU.ActiveCfg = Debug|Any CPU
		{F93E2B1F-940C-4451-AC4A-8F76E1A4384D}.Debug|Any CPU.Build.0 = Debug|Any CPU
		{F93E2B1F-940C-4451-AC4A-8F76E1A4384D}.Release|Any CPU.ActiveCfg = Release|Any CPU
		{F93E2B1F-940C-4451-AC4A-8F76E1A4384D}.Release|Any CPU.Build.0 = Release|Any CPU
	EndGlobalSection
	GlobalSection(SolutionProperties) = preSolution
		HideSolutionNode = FALSE
	EndGlobalSection
EndGlobal
